// !$*UTF8*$!
{
	archiveVersion = 1;
	classes = {
	};
	objectVersion = 48;
	objects = {

/* Begin PBXBuildFile section */
		28C09C921FFC866600C8AF62 /* directories_posix.cpp in Sources */ = {isa = PBXBuildFile; fileRef = 28C09C911FFC866600C8AF62 /* directories_posix.cpp */; };
		28D0E5A81FF73936002EA162 /* main.cpp in Sources */ = {isa = PBXBuildFile; fileRef = 28D0E5A71FF73936002EA162 /* main.cpp */; };
		28D0E5B01FF73ACE002EA162 /* harness.cpp in Sources */ = {isa = PBXBuildFile; fileRef = 28D0E5AF1FF73ACE002EA162 /* harness.cpp */; };
		28EE8EE61FF8923B002C0056 /* metadata.cpp in Sources */ = {isa = PBXBuildFile; fileRef = 28EE8EE41FF8923B002C0056 /* metadata.cpp */; };
/* End PBXBuildFile section */

/* Begin PBXCopyFilesBuildPhase section */
		28D0E5A21FF73936002EA162 /* CopyFiles */ = {
			isa = PBXCopyFilesBuildPhase;
			buildActionMask = 2147483647;
			dstPath = /usr/share/man/man1/;
			dstSubfolderSpec = 0;
			files = (
			);
			runOnlyForDeploymentPostprocessing = 1;
		};
/* End PBXCopyFilesBuildPhase section */

/* Begin PBXFileReference section */
		28C09C901FFC865200C8AF62 /* directories.h */ = {isa = PBXFileReference; fileEncoding = 4; lastKnownFileType = sourcecode.c.h; path = directories.h; sourceTree = "<group>"; };
		28C09C911FFC866600C8AF62 /* directories_posix.cpp */ = {isa = PBXFileReference; fileEncoding = 4; lastKnownFileType = sourcecode.cpp.cpp; path = directories_posix.cpp; sourceTree = "<group>"; };
		28D0E5A41FF73936002EA162 /* test262_harness_cpp */ = {isa = PBXFileReference; explicitFileType = "compiled.mach-o.executable"; includeInIndex = 0; path = test262_harness_cpp; sourceTree = BUILT_PRODUCTS_DIR; };
		28D0E5A71FF73936002EA162 /* main.cpp */ = {isa = PBXFileReference; lastKnownFileType = sourcecode.cpp.cpp; path = main.cpp; sourceTree = "<group>"; };
		28D0E5AE1FF73AB2002EA162 /* harness.h */ = {isa = PBXFileReference; lastKnownFileType = sourcecode.c.h; path = harness.h; sourceTree = "<group>"; };
		28D0E5AF1FF73ACE002EA162 /* harness.cpp */ = {isa = PBXFileReference; lastKnownFileType = sourcecode.cpp.cpp; path = harness.cpp; sourceTree = "<group>"; };
		28EE8EE41FF8923B002C0056 /* metadata.cpp */ = {isa = PBXFileReference; lastKnownFileType = sourcecode.cpp.cpp; path = metadata.cpp; sourceTree = "<group>"; };
		28EE8EE51FF8923B002C0056 /* metadata.h */ = {isa = PBXFileReference; lastKnownFileType = sourcecode.c.h; path = metadata.h; sourceTree = "<group>"; };
/* End PBXFileReference section */

/* Begin PBXFrameworksBuildPhase section */
		28D0E5A11FF73936002EA162 /* Frameworks */ = {
			isa = PBXFrameworksBuildPhase;
			buildActionMask = 2147483647;
			files = (
			);
			runOnlyForDeploymentPostprocessing = 0;
		};
/* End PBXFrameworksBuildPhase section */

/* Begin PBXGroup section */
		28D0E59B1FF73936002EA162 = {
			isa = PBXGroup;
			children = (
				28C09C901FFC865200C8AF62 /* directories.h */,
				28C09C911FFC866600C8AF62 /* directories_posix.cpp */,
				28D0E5AF1FF73ACE002EA162 /* harness.cpp */,
				28D0E5AE1FF73AB2002EA162 /* harness.h */,
				28D0E5A71FF73936002EA162 /* main.cpp */,
				28EE8EE41FF8923B002C0056 /* metadata.cpp */,
				28EE8EE51FF8923B002C0056 /* metadata.h */,
				28D0E5A51FF73936002EA162 /* Products */,
			);
			sourceTree = "<group>";
		};
		28D0E5A51FF73936002EA162 /* Products */ = {
			isa = PBXGroup;
			children = (
				28D0E5A41FF73936002EA162 /* test262_harness_cpp */,
			);
			name = Products;
			sourceTree = "<group>";
		};
/* End PBXGroup section */

/* Begin PBXNativeTarget section */
		28D0E5A31FF73936002EA162 /* test262_harness_cpp */ = {
			isa = PBXNativeTarget;
			buildConfigurationList = 28D0E5AB1FF73936002EA162 /* Build configuration list for PBXNativeTarget "test262_harness_cpp" */;
			buildPhases = (
				28D0E5A01FF73936002EA162 /* Sources */,
				28D0E5A11FF73936002EA162 /* Frameworks */,
				28D0E5A21FF73936002EA162 /* CopyFiles */,
			);
			buildRules = (
			);
			dependencies = (
			);
			name = test262_harness_cpp;
			productName = test262_harness_cpp;
			productReference = 28D0E5A41FF73936002EA162 /* test262_harness_cpp */;
			productType = "com.apple.product-type.tool";
		};
/* End PBXNativeTarget section */

/* Begin PBXProject section */
		28D0E59C1FF73936002EA162 /* Project object */ = {
			isa = PBXProject;
			attributes = {
				LastUpgradeCheck = 0920;
				TargetAttributes = {
					28D0E5A31FF73936002EA162 = {
						CreatedOnToolsVersion = 9.2;
						ProvisioningStyle = Automatic;
					};
				};
			};
			buildConfigurationList = 28D0E59F1FF73936002EA162 /* Build configuration list for PBXProject "test262_harness_cpp" */;
			compatibilityVersion = "Xcode 8.0";
			developmentRegion = en;
			hasScannedForEncodings = 0;
			knownRegions = (
				en,
			);
			mainGroup = 28D0E59B1FF73936002EA162;
			productRefGroup = 28D0E5A51FF73936002EA162 /* Products */;
			projectDirPath = "";
			projectRoot = "";
			targets = (
				28D0E5A31FF73936002EA162 /* test262_harness_cpp */,
			);
		};
/* End PBXProject section */

/* Begin PBXSourcesBuildPhase section */
		28D0E5A01FF73936002EA162 /* Sources */ = {
			isa = PBXSourcesBuildPhase;
			buildActionMask = 2147483647;
			files = (
				28D0E5B01FF73ACE002EA162 /* harness.cpp in Sources */,
				28C09C921FFC866600C8AF62 /* directories_posix.cpp in Sources */,
				28EE8EE61FF8923B002C0056 /* metadata.cpp in Sources */,
				28D0E5A81FF73936002EA162 /* main.cpp in Sources */,
			);
			runOnlyForDeploymentPostprocessing = 0;
		};
/* End PBXSourcesBuildPhase section */

/* Begin XCBuildConfiguration section */
		28D0E5A91FF73936002EA162 /* Debug */ = {
			isa = XCBuildConfiguration;
			buildSettings = {
				ALWAYS_SEARCH_USER_PATHS = NO;
				CLANG_ANALYZER_NONNULL = YES;
				CLANG_ANALYZER_NUMBER_OBJECT_CONVERSION = YES_AGGRESSIVE;
				CLANG_CXX_LANGUAGE_STANDARD = "gnu++14";
				CLANG_CXX_LIBRARY = "libc++";
				CLANG_ENABLE_MODULES = YES;
				CLANG_ENABLE_OBJC_ARC = YES;
				CLANG_WARN_BLOCK_CAPTURE_AUTORELEASING = YES;
				CLANG_WARN_BOOL_CONVERSION = YES;
				CLANG_WARN_COMMA = YES;
				CLANG_WARN_CONSTANT_CONVERSION = YES;
				CLANG_WARN_DIRECT_OBJC_ISA_USAGE = YES_ERROR;
				CLANG_WARN_DOCUMENTATION_COMMENTS = YES;
				CLANG_WARN_EMPTY_BODY = YES;
				CLANG_WARN_ENUM_CONVERSION = YES;
				CLANG_WARN_INFINITE_RECURSION = YES;
				CLANG_WARN_INT_CONVERSION = YES;
				CLANG_WARN_NON_LITERAL_NULL_CONVERSION = YES;
				CLANG_WARN_OBJC_LITERAL_CONVERSION = YES;
				CLANG_WARN_OBJC_ROOT_CLASS = YES_ERROR;
				CLANG_WARN_RANGE_LOOP_ANALYSIS = YES;
				CLANG_WARN_STRICT_PROTOTYPES = YES;
				CLANG_WARN_SUSPICIOUS_MOVE = YES;
				CLANG_WARN_UNGUARDED_AVAILABILITY = YES_AGGRESSIVE;
				CLANG_WARN_UNREACHABLE_CODE = YES;
				CLANG_WARN__DUPLICATE_METHOD_MATCH = YES;
				CODE_SIGN_IDENTITY = "-";
				COPY_PHASE_STRIP = NO;
				DEBUG_INFORMATION_FORMAT = dwarf;
				ENABLE_STRICT_OBJC_MSGSEND = YES;
				ENABLE_TESTABILITY = YES;
				GCC_C_LANGUAGE_STANDARD = gnu11;
				GCC_DYNAMIC_NO_PIC = NO;
				GCC_NO_COMMON_BLOCKS = YES;
				GCC_OPTIMIZATION_LEVEL = 0;
				GCC_PREPROCESSOR_DEFINITIONS = (
					"DEBUG=1",
					"$(inherited)",
				);
				GCC_WARN_64_TO_32_BIT_CONVERSION = YES;
				GCC_WARN_ABOUT_RETURN_TYPE = YES_ERROR;
				GCC_WARN_UNDECLARED_SELECTOR = YES;
				GCC_WARN_UNINITIALIZED_AUTOS = YES_AGGRESSIVE;
				GCC_WARN_UNUSED_FUNCTION = YES;
				GCC_WARN_UNUSED_VARIABLE = YES;
				MACOSX_DEPLOYMENT_TARGET = 10.13;
				MTL_ENABLE_DEBUG_INFO = YES;
				ONLY_ACTIVE_ARCH = YES;
				SDKROOT = macosx;
			};
			name = Debug;
		};
		28D0E5AA1FF73936002EA162 /* Release */ = {
			isa = XCBuildConfiguration;
			buildSettings = {
				ALWAYS_SEARCH_USER_PATHS = NO;
				CLANG_ANALYZER_NONNULL = YES;
				CLANG_ANALYZER_NUMBER_OBJECT_CONVERSION = YES_AGGRESSIVE;
				CLANG_CXX_LANGUAGE_STANDARD = "gnu++14";
				CLANG_CXX_LIBRARY = "libc++";
				CLANG_ENABLE_MODULES = YES;
				CLANG_ENABLE_OBJC_ARC = YES;
				CLANG_WARN_BLOCK_CAPTURE_AUTORELEASING = YES;
				CLANG_WARN_BOOL_CONVERSION = YES;
				CLANG_WARN_COMMA = YES;
				CLANG_WARN_CONSTANT_CONVERSION = YES;
				CLANG_WARN_DIRECT_OBJC_ISA_USAGE = YES_ERROR;
				CLANG_WARN_DOCUMENTATION_COMMENTS = YES;
				CLANG_WARN_EMPTY_BODY = YES;
				CLANG_WARN_ENUM_CONVERSION = YES;
				CLANG_WARN_INFINITE_RECURSION = YES;
				CLANG_WARN_INT_CONVERSION = YES;
				CLANG_WARN_NON_LITERAL_NULL_CONVERSION = YES;
				CLANG_WARN_OBJC_LITERAL_CONVERSION = YES;
				CLANG_WARN_OBJC_ROOT_CLASS = YES_ERROR;
				CLANG_WARN_RANGE_LOOP_ANALYSIS = YES;
				CLANG_WARN_STRICT_PROTOTYPES = YES;
				CLANG_WARN_SUSPICIOUS_MOVE = YES;
				CLANG_WARN_UNGUARDED_AVAILABILITY = YES_AGGRESSIVE;
				CLANG_WARN_UNREACHABLE_CODE = YES;
				CLANG_WARN__DUPLICATE_METHOD_MATCH = YES;
				CODE_SIGN_IDENTITY = "-";
				COPY_PHASE_STRIP = NO;
				DEBUG_INFORMATION_FORMAT = "dwarf-with-dsym";
				ENABLE_NS_ASSERTIONS = NO;
				ENABLE_STRICT_OBJC_MSGSEND = YES;
				GCC_C_LANGUAGE_STANDARD = gnu11;
				GCC_NO_COMMON_BLOCKS = YES;
				GCC_WARN_64_TO_32_BIT_CONVERSION = YES;
				GCC_WARN_ABOUT_RETURN_TYPE = YES_ERROR;
				GCC_WARN_UNDECLARED_SELECTOR = YES;
				GCC_WARN_UNINITIALIZED_AUTOS = YES_AGGRESSIVE;
				GCC_WARN_UNUSED_FUNCTION = YES;
				GCC_WARN_UNUSED_VARIABLE = YES;
				MACOSX_DEPLOYMENT_TARGET = 10.13;
				MTL_ENABLE_DEBUG_INFO = NO;
				SDKROOT = macosx;
			};
			name = Release;
		};
		28D0E5AC1FF73936002EA162 /* Debug */ = {
			isa = XCBuildConfiguration;
			buildSettings = {
				CODE_SIGN_STYLE = Automatic;
				PRODUCT_NAME = "$(TARGET_NAME)";
			};
			name = Debug;
		};
		28D0E5AD1FF73936002EA162 /* Release */ = {
			isa = XCBuildConfiguration;
			buildSettings = {
				CODE_SIGN_STYLE = Automatic;
				PRODUCT_NAME = "$(TARGET_NAME)";
			};
			name = Release;
		};
/* End XCBuildConfiguration section */

/* Begin XCConfigurationList section */
		28D0E59F1FF73936002EA162 /* Build configuration list for PBXProject "test262_harness_cpp" */ = {
			isa = XCConfigurationList;
			buildConfigurations = (
				28D0E5A91FF73936002EA162 /* Debug */,
				28D0E5AA1FF73936002EA162 /* Release */,
			);
			defaultConfigurationIsVisible = 0;
			defaultConfigurationName = Release;
		};
		28D0E5AB1FF73936002EA162 /* Build configuration list for PBXNativeTarget "test262_harness_cpp" */ = {
			isa = XCConfigurationList;
			buildConfigurations = (
				28D0E5AC1FF73936002EA162 /* Debug */,
				28D0E5AD1FF73936002EA162 /* Release */,
			);
			defaultConfigurationIsVisible = 0;
			defaultConfigurationName = Release;
		};
/* End XCConfigurationList section */
	};
	rootObject = 28D0E59C1FF73936002EA162 /* Project object */;
}
